// !$*UTF8*$!
{
	archiveVersion = 1;
	classes = {
	};
	objectVersion = 56;
	objects = {

/* Begin PBXBuildFile section */
		7DA65D692B1B3E4C0073905A /* AppWebView.swift in Sources */ = {isa = PBXBuildFile; fileRef = 7DA65D682B1B3E4C0073905A /* AppWebView.swift */; };
		7DA65D6B2B1B47F90073905A /* CustomTabView.swift in Sources */ = {isa = PBXBuildFile; fileRef = 7DA65D6A2B1B47F90073905A /* CustomTabView.swift */; };
		7DB6007C2AE0D57900C745AD /* TradingAppApp.swift in Sources */ = {isa = PBXBuildFile; fileRef = 7DB6007B2AE0D57900C745AD /* TradingAppApp.swift */; };
		7DB6007E2AE0D57900C745AD /* MainView.swift in Sources */ = {isa = PBXBuildFile; fileRef = 7DB6007D2AE0D57900C745AD /* MainView.swift */; };
		7DB600802AE0D57A00C745AD /* Assets.xcassets in Resources */ = {isa = PBXBuildFile; fileRef = 7DB6007F2AE0D57A00C745AD /* Assets.xcassets */; };
		7DB600832AE0D57A00C745AD /* Preview Assets.xcassets in Resources */ = {isa = PBXBuildFile; fileRef = 7DB600822AE0D57A00C745AD /* Preview Assets.xcassets */; };
		7DB6008B2AE0D74700C745AD /* Color.swift in Sources */ = {isa = PBXBuildFile; fileRef = 7DB6008A2AE0D74700C745AD /* Color.swift */; };
		7DB6008E2AE0DEB400C745AD /* MainVM.swift in Sources */ = {isa = PBXBuildFile; fileRef = 7DB6008D2AE0DEB400C745AD /* MainVM.swift */; };
		7DB600912AE0EA0400C745AD /* TradingContainer.swift in Sources */ = {isa = PBXBuildFile; fileRef = 7DB600902AE0EA0400C745AD /* TradingContainer.swift */; };
		7DB600932AE0F26200C745AD /* View.swift in Sources */ = {isa = PBXBuildFile; fileRef = 7DB600922AE0F26200C745AD /* View.swift */; };
		7DB600952AE0F4A700C745AD /* TradeView.swift in Sources */ = {isa = PBXBuildFile; fileRef = 7DB600942AE0F4A700C745AD /* TradeView.swift */; };
		7DB600972AE0F4BC00C745AD /* TopUserView.swift in Sources */ = {isa = PBXBuildFile; fileRef = 7DB600962AE0F4BC00C745AD /* TopUserView.swift */; };
		7DB6009A2AE0F72D00C745AD /* TopTraderModel.swift in Sources */ = {isa = PBXBuildFile; fileRef = 7DB600992AE0F72D00C745AD /* TopTraderModel.swift */; };
		7DED4F9B2AE523E100F58FE0 /* CurrencyPairList.swift in Sources */ = {isa = PBXBuildFile; fileRef = 7DED4F9A2AE523E100F58FE0 /* CurrencyPairList.swift */; };
		7DED4F9D2AE524EA00F58FE0 /* CurrencyPairModel.swift in Sources */ = {isa = PBXBuildFile; fileRef = 7DED4F9C2AE524EA00F58FE0 /* CurrencyPairModel.swift */; };
/* End PBXBuildFile section */

/* Begin PBXFileReference section */
		7DA65D682B1B3E4C0073905A /* AppWebView.swift */ = {isa = PBXFileReference; lastKnownFileType = sourcecode.swift; path = AppWebView.swift; sourceTree = "<group>"; };
		7DA65D6A2B1B47F90073905A /* CustomTabView.swift */ = {isa = PBXFileReference; lastKnownFileType = sourcecode.swift; path = CustomTabView.swift; sourceTree = "<group>"; };
		7DB600782AE0D57900C745AD /* TradingApp.app */ = {isa = PBXFileReference; explicitFileType = wrapper.application; includeInIndex = 0; path = TradingApp.app; sourceTree = BUILT_PRODUCTS_DIR; };
		7DB6007B2AE0D57900C745AD /* TradingAppApp.swift */ = {isa = PBXFileReference; lastKnownFileType = sourcecode.swift; path = TradingAppApp.swift; sourceTree = "<group>"; };
		7DB6007D2AE0D57900C745AD /* MainView.swift */ = {isa = PBXFileReference; lastKnownFileType = sourcecode.swift; path = MainView.swift; sourceTree = "<group>"; };
		7DB6007F2AE0D57A00C745AD /* Assets.xcassets */ = {isa = PBXFileReference; lastKnownFileType = folder.assetcatalog; path = Assets.xcassets; sourceTree = "<group>"; };
		7DB600822AE0D57A00C745AD /* Preview Assets.xcassets */ = {isa = PBXFileReference; lastKnownFileType = folder.assetcatalog; path = "Preview Assets.xcassets"; sourceTree = "<group>"; };
		7DB6008A2AE0D74700C745AD /* Color.swift */ = {isa = PBXFileReference; lastKnownFileType = sourcecode.swift; path = Color.swift; sourceTree = "<group>"; };
		7DB6008D2AE0DEB400C745AD /* MainVM.swift */ = {isa = PBXFileReference; lastKnownFileType = sourcecode.swift; path = MainVM.swift; sourceTree = "<group>"; };
		7DB600902AE0EA0400C745AD /* TradingContainer.swift */ = {isa = PBXFileReference; lastKnownFileType = sourcecode.swift; path = TradingContainer.swift; sourceTree = "<group>"; };
		7DB600922AE0F26200C745AD /* View.swift */ = {isa = PBXFileReference; lastKnownFileType = sourcecode.swift; path = View.swift; sourceTree = "<group>"; };
		7DB600942AE0F4A700C745AD /* TradeView.swift */ = {isa = PBXFileReference; lastKnownFileType = sourcecode.swift; path = TradeView.swift; sourceTree = "<group>"; };
		7DB600962AE0F4BC00C745AD /* TopUserView.swift */ = {isa = PBXFileReference; lastKnownFileType = sourcecode.swift; path = TopUserView.swift; sourceTree = "<group>"; };
		7DB600992AE0F72D00C745AD /* TopTraderModel.swift */ = {isa = PBXFileReference; lastKnownFileType = sourcecode.swift; path = TopTraderModel.swift; sourceTree = "<group>"; };
		7DED4F9A2AE523E100F58FE0 /* CurrencyPairList.swift */ = {isa = PBXFileReference; lastKnownFileType = sourcecode.swift; path = CurrencyPairList.swift; sourceTree = "<group>"; };
		7DED4F9C2AE524EA00F58FE0 /* CurrencyPairModel.swift */ = {isa = PBXFileReference; lastKnownFileType = sourcecode.swift; path = CurrencyPairModel.swift; sourceTree = "<group>"; };
/* End PBXFileReference section */

/* Begin PBXFrameworksBuildPhase section */
		7DB600752AE0D57900C745AD /* Frameworks */ = {
			isa = PBXFrameworksBuildPhase;
			buildActionMask = 2147483647;
			files = (
			);
			runOnlyForDeploymentPostprocessing = 0;
		};
/* End PBXFrameworksBuildPhase section */

/* Begin PBXGroup section */
		7DA65D6C2B1B481A0073905A /* Components */ = {
			isa = PBXGroup;
			children = (
				7DA65D682B1B3E4C0073905A /* AppWebView.swift */,
				7DA65D6A2B1B47F90073905A /* CustomTabView.swift */,
			);
			path = Components;
			sourceTree = "<group>";
		};
		7DB6006F2AE0D57900C745AD = {
			isa = PBXGroup;
			children = (
				7DB6007A2AE0D57900C745AD /* TradingApp */,
				7DB600792AE0D57900C745AD /* Products */,
			);
			sourceTree = "<group>";
		};
		7DB600792AE0D57900C745AD /* Products */ = {
			isa = PBXGroup;
			children = (
				7DB600782AE0D57900C745AD /* TradingApp.app */,
			);
			name = Products;
			sourceTree = "<group>";
		};
		7DB6007A2AE0D57900C745AD /* TradingApp */ = {
			isa = PBXGroup;
			children = (
				7DB600982AE0F71700C745AD /* Model */,
				7DA65D6C2B1B481A0073905A /* Components */,
				7DB6008F2AE0E93100C745AD /* View */,
				7DB6008C2AE0DE9800C745AD /* ViewModel */,
				7DB600892AE0D73400C745AD /* Extensions */,
				7DB6007B2AE0D57900C745AD /* TradingAppApp.swift */,
				7DB6007F2AE0D57A00C745AD /* Assets.xcassets */,
				7DB600812AE0D57A00C745AD /* Preview Content */,
			);
			path = TradingApp;
			sourceTree = "<group>";
		};
		7DB600812AE0D57A00C745AD /* Preview Content */ = {
			isa = PBXGroup;
			children = (
				7DB600822AE0D57A00C745AD /* Preview Assets.xcassets */,
			);
			path = "Preview Content";
			sourceTree = "<group>";
		};
		7DB600892AE0D73400C745AD /* Extensions */ = {
			isa = PBXGroup;
			children = (
				7DB6008A2AE0D74700C745AD /* Color.swift */,
				7DB600922AE0F26200C745AD /* View.swift */,
			);
			path = Extensions;
			sourceTree = "<group>";
		};
		7DB6008C2AE0DE9800C745AD /* ViewModel */ = {
			isa = PBXGroup;
			children = (
				7DB6008D2AE0DEB400C745AD /* MainVM.swift */,
			);
			path = ViewModel;
			sourceTree = "<group>";
		};
		7DB6008F2AE0E93100C745AD /* View */ = {
			isa = PBXGroup;
			children = (
				7DB6007D2AE0D57900C745AD /* MainView.swift */,
				7DB600902AE0EA0400C745AD /* TradingContainer.swift */,
				7DB600942AE0F4A700C745AD /* TradeView.swift */,
				7DB600962AE0F4BC00C745AD /* TopUserView.swift */,
				7DED4F9A2AE523E100F58FE0 /* CurrencyPairList.swift */,
			);
			path = View;
			sourceTree = "<group>";
		};
		7DB600982AE0F71700C745AD /* Model */ = {
			isa = PBXGroup;
			children = (
				7DB600992AE0F72D00C745AD /* TopTraderModel.swift */,
				7DED4F9C2AE524EA00F58FE0 /* CurrencyPairModel.swift */,
			);
			path = Model;
			sourceTree = "<group>";
		};
/* End PBXGroup section */

/* Begin PBXNativeTarget section */
		7DB600772AE0D57900C745AD /* TradingApp */ = {
			isa = PBXNativeTarget;
			buildConfigurationList = 7DB600862AE0D57A00C745AD /* Build configuration list for PBXNativeTarget "TradingApp" */;
			buildPhases = (
				7DB600742AE0D57900C745AD /* Sources */,
				7DB600752AE0D57900C745AD /* Frameworks */,
				7DB600762AE0D57900C745AD /* Resources */,
			);
			buildRules = (
			);
			dependencies = (
			);
			name = TradingApp;
			productName = TradingApp;
			productReference = 7DB600782AE0D57900C745AD /* TradingApp.app */;
			productType = "com.apple.product-type.application";
		};
/* End PBXNativeTarget section */

/* Begin PBXProject section */
		7DB600702AE0D57900C745AD /* Project object */ = {
			isa = PBXProject;
			attributes = {
				BuildIndependentTargetsInParallel = 1;
				LastSwiftUpdateCheck = 1500;
				LastUpgradeCheck = 1500;
				TargetAttributes = {
					7DB600772AE0D57900C745AD = {
						CreatedOnToolsVersion = 15.0;
					};
				};
			};
			buildConfigurationList = 7DB600732AE0D57900C745AD /* Build configuration list for PBXProject "TradingApp" */;
			compatibilityVersion = "Xcode 14.0";
			developmentRegion = en;
			hasScannedForEncodings = 0;
			knownRegions = (
				en,
				Base,
			);
			mainGroup = 7DB6006F2AE0D57900C745AD;
			productRefGroup = 7DB600792AE0D57900C745AD /* Products */;
			projectDirPath = "";
			projectRoot = "";
			targets = (
				7DB600772AE0D57900C745AD /* TradingApp */,
			);
		};
/* End PBXProject section */

/* Begin PBXResourcesBuildPhase section */
		7DB600762AE0D57900C745AD /* Resources */ = {
			isa = PBXResourcesBuildPhase;
			buildActionMask = 2147483647;
			files = (
				7DB600832AE0D57A00C745AD /* Preview Assets.xcassets in Resources */,
				7DB600802AE0D57A00C745AD /* Assets.xcassets in Resources */,
			);
			runOnlyForDeploymentPostprocessing = 0;
		};
/* End PBXResourcesBuildPhase section */

/* Begin PBXSourcesBuildPhase section */
		7DB600742AE0D57900C745AD /* Sources */ = {
			isa = PBXSourcesBuildPhase;
			buildActionMask = 2147483647;
			files = (
				7DB600912AE0EA0400C745AD /* TradingContainer.swift in Sources */,
				7DB600972AE0F4BC00C745AD /* TopUserView.swift in Sources */,
				7DED4F9D2AE524EA00F58FE0 /* CurrencyPairModel.swift in Sources */,
				7DB600952AE0F4A700C745AD /* TradeView.swift in Sources */,
				7DB6007E2AE0D57900C745AD /* MainView.swift in Sources */,
				7DA65D6B2B1B47F90073905A /* CustomTabView.swift in Sources */,
				7DA65D692B1B3E4C0073905A /* AppWebView.swift in Sources */,
				7DB600932AE0F26200C745AD /* View.swift in Sources */,
				7DB6007C2AE0D57900C745AD /* TradingAppApp.swift in Sources */,
				7DB6008B2AE0D74700C745AD /* Color.swift in Sources */,
				7DB6009A2AE0F72D00C745AD /* TopTraderModel.swift in Sources */,
				7DED4F9B2AE523E100F58FE0 /* CurrencyPairList.swift in Sources */,
				7DB6008E2AE0DEB400C745AD /* MainVM.swift in Sources */,
			);
			runOnlyForDeploymentPostprocessing = 0;
		};
/* End PBXSourcesBuildPhase section */

/* Begin XCBuildConfiguration section */
		7DB600842AE0D57A00C745AD /* Debug */ = {
			isa = XCBuildConfiguration;
			buildSettings = {
				ALWAYS_SEARCH_USER_PATHS = NO;
				ASSETCATALOG_COMPILER_GENERATE_SWIFT_ASSET_SYMBOL_EXTENSIONS = YES;
				CLANG_ANALYZER_NONNULL = YES;
				CLANG_ANALYZER_NUMBER_OBJECT_CONVERSION = YES_AGGRESSIVE;
				CLANG_CXX_LANGUAGE_STANDARD = "gnu++20";
				CLANG_ENABLE_MODULES = YES;
				CLANG_ENABLE_OBJC_ARC = YES;
				CLANG_ENABLE_OBJC_WEAK = YES;
				CLANG_WARN_BLOCK_CAPTURE_AUTORELEASING = YES;
				CLANG_WARN_BOOL_CONVERSION = YES;
				CLANG_WARN_COMMA = YES;
				CLANG_WARN_CONSTANT_CONVERSION = YES;
				CLANG_WARN_DEPRECATED_OBJC_IMPLEMENTATIONS = YES;
				CLANG_WARN_DIRECT_OBJC_ISA_USAGE = YES_ERROR;
				CLANG_WARN_DOCUMENTATION_COMMENTS = YES;
				CLANG_WARN_EMPTY_BODY = YES;
				CLANG_WARN_ENUM_CONVERSION = YES;
				CLANG_WARN_INFINITE_RECURSION = YES;
				CLANG_WARN_INT_CONVERSION = YES;
				CLANG_WARN_NON_LITERAL_NULL_CONVERSION = YES;
				CLANG_WARN_OBJC_IMPLICIT_RETAIN_SELF = YES;
				CLANG_WARN_OBJC_LITERAL_CONVERSION = YES;
				CLANG_WARN_OBJC_ROOT_CLASS = YES_ERROR;
				CLANG_WARN_QUOTED_INCLUDE_IN_FRAMEWORK_HEADER = YES;
				CLANG_WARN_RANGE_LOOP_ANALYSIS = YES;
				CLANG_WARN_STRICT_PROTOTYPES = YES;
				CLANG_WARN_SUSPICIOUS_MOVE = YES;
				CLANG_WARN_UNGUARDED_AVAILABILITY = YES_AGGRESSIVE;
				CLANG_WARN_UNREACHABLE_CODE = YES;
				CLANG_WARN__DUPLICATE_METHOD_MATCH = YES;
				COPY_PHASE_STRIP = NO;
				DEBUG_INFORMATION_FORMAT = dwarf;
				ENABLE_STRICT_OBJC_MSGSEND = YES;
				ENABLE_TESTABILITY = YES;
				ENABLE_USER_SCRIPT_SANDBOXING = YES;
				GCC_C_LANGUAGE_STANDARD = gnu17;
				GCC_DYNAMIC_NO_PIC = NO;
				GCC_NO_COMMON_BLOCKS = YES;
				GCC_OPTIMIZATION_LEVEL = 0;
				GCC_PREPROCESSOR_DEFINITIONS = (
					"DEBUG=1",
					"$(inherited)",
				);
				GCC_WARN_64_TO_32_BIT_CONVERSION = YES;
				GCC_WARN_ABOUT_RETURN_TYPE = YES_ERROR;
				GCC_WARN_UNDECLARED_SELECTOR = YES;
				GCC_WARN_UNINITIALIZED_AUTOS = YES_AGGRESSIVE;
				GCC_WARN_UNUSED_FUNCTION = YES;
				GCC_WARN_UNUSED_VARIABLE = YES;
				IPHONEOS_DEPLOYMENT_TARGET = 17.0;
				LOCALIZATION_PREFERS_STRING_CATALOGS = YES;
				MTL_ENABLE_DEBUG_INFO = INCLUDE_SOURCE;
				MTL_FAST_MATH = YES;
				ONLY_ACTIVE_ARCH = YES;
				SDKROOT = iphoneos;
				SWIFT_ACTIVE_COMPILATION_CONDITIONS = "DEBUG $(inherited)";
				SWIFT_OPTIMIZATION_LEVEL = "-Onone";
			};
			name = Debug;
		};
		7DB600852AE0D57A00C745AD /* Release */ = {
			isa = XCBuildConfiguration;
			buildSettings = {
				ALWAYS_SEARCH_USER_PATHS = NO;
				ASSETCATALOG_COMPILER_GENERATE_SWIFT_ASSET_SYMBOL_EXTENSIONS = YES;
				CLANG_ANALYZER_NONNULL = YES;
				CLANG_ANALYZER_NUMBER_OBJECT_CONVERSION = YES_AGGRESSIVE;
				CLANG_CXX_LANGUAGE_STANDARD = "gnu++20";
				CLANG_ENABLE_MODULES = YES;
				CLANG_ENABLE_OBJC_ARC = YES;
				CLANG_ENABLE_OBJC_WEAK = YES;
				CLANG_WARN_BLOCK_CAPTURE_AUTORELEASING = YES;
				CLANG_WARN_BOOL_CONVERSION = YES;
				CLANG_WARN_COMMA = YES;
				CLANG_WARN_CONSTANT_CONVERSION = YES;
				CLANG_WARN_DEPRECATED_OBJC_IMPLEMENTATIONS = YES;
				CLANG_WARN_DIRECT_OBJC_ISA_USAGE = YES_ERROR;
				CLANG_WARN_DOCUMENTATION_COMMENTS = YES;
				CLANG_WARN_EMPTY_BODY = YES;
				CLANG_WARN_ENUM_CONVERSION = YES;
				CLANG_WARN_INFINITE_RECURSION = YES;
				CLANG_WARN_INT_CONVERSION = YES;
				CLANG_WARN_NON_LITERAL_NULL_CONVERSION = YES;
				CLANG_WARN_OBJC_IMPLICIT_RETAIN_SELF = YES;
				CLANG_WARN_OBJC_LITERAL_CONVERSION = YES;
				CLANG_WARN_OBJC_ROOT_CLASS = YES_ERROR;
				CLANG_WARN_QUOTED_INCLUDE_IN_FRAMEWORK_HEADER = YES;
				CLANG_WARN_RANGE_LOOP_ANALYSIS = YES;
				CLANG_WARN_STRICT_PROTOTYPES = YES;
				CLANG_WARN_SUSPICIOUS_MOVE = YES;
				CLANG_WARN_UNGUARDED_AVAILABILITY = YES_AGGRESSIVE;
				CLANG_WARN_UNREACHABLE_CODE = YES;
				CLANG_WARN__DUPLICATE_METHOD_MATCH = YES;
				COPY_PHASE_STRIP = NO;
				DEBUG_INFORMATION_FORMAT = "dwarf-with-dsym";
				ENABLE_NS_ASSERTIONS = NO;
				ENABLE_STRICT_OBJC_MSGSEND = YES;
				ENABLE_USER_SCRIPT_SANDBOXING = YES;
				GCC_C_LANGUAGE_STANDARD = gnu17;
				GCC_NO_COMMON_BLOCKS = YES;
				GCC_WARN_64_TO_32_BIT_CONVERSION = YES;
				GCC_WARN_ABOUT_RETURN_TYPE = YES_ERROR;
				GCC_WARN_UNDECLARED_SELECTOR = YES;
				GCC_WARN_UNINITIALIZED_AUTOS = YES_AGGRESSIVE;
				GCC_WARN_UNUSED_FUNCTION = YES;
				GCC_WARN_UNUSED_VARIABLE = YES;
				IPHONEOS_DEPLOYMENT_TARGET = 17.0;
				LOCALIZATION_PREFERS_STRING_CATALOGS = YES;
				MTL_ENABLE_DEBUG_INFO = NO;
				MTL_FAST_MATH = YES;
				SDKROOT = iphoneos;
				SWIFT_COMPILATION_MODE = wholemodule;
				VALIDATE_PRODUCT = YES;
			};
			name = Release;
		};
		7DB600872AE0D57A00C745AD /* Debug */ = {
			isa = XCBuildConfiguration;
			buildSettings = {
				ASSETCATALOG_COMPILER_APPICON_NAME = AppIcon;
				ASSETCATALOG_COMPILER_GLOBAL_ACCENT_COLOR_NAME = AccentColor;
				CODE_SIGN_STYLE = Automatic;
				CURRENT_PROJECT_VERSION = 1;
				DEVELOPMENT_ASSET_PATHS = "\"TradingApp/Preview Content\"";
				DEVELOPMENT_TEAM = 585V5XVQ5N;
				ENABLE_PREVIEWS = YES;
				GENERATE_INFOPLIST_FILE = YES;
				INFOPLIST_KEY_UIApplicationSceneManifest_Generation = YES;
				INFOPLIST_KEY_UIApplicationSupportsIndirectInputEvents = YES;
				INFOPLIST_KEY_UILaunchScreen_Generation = YES;
				INFOPLIST_KEY_UIStatusBarStyle = UIStatusBarStyleDarkContent;
				INFOPLIST_KEY_UISupportedInterfaceOrientations_iPad = "UIInterfaceOrientationPortrait UIInterfaceOrientationPortraitUpsideDown UIInterfaceOrientationLandscapeLeft UIInterfaceOrientationLandscapeRight";
				INFOPLIST_KEY_UISupportedInterfaceOrientations_iPhone = "UIInterfaceOrientationPortrait UIInterfaceOrientationLandscapeLeft UIInterfaceOrientationLandscapeRight";
				LD_RUNPATH_SEARCH_PATHS = (
					"$(inherited)",
					"@executable_path/Frameworks",
				);
				MARKETING_VERSION = 1.0;
				PRODUCT_BUNDLE_IDENTIFIER = com.IlinykhSA.TradingApp;
				PRODUCT_NAME = "$(TARGET_NAME)";
				SWIFT_EMIT_LOC_STRINGS = YES;
				SWIFT_VERSION = 5.0;
				TARGETED_DEVICE_FAMILY = "1,2";
			};
			name = Debug;
		};
		7DB600882AE0D57A00C745AD /* Release */ = {
			isa = XCBuildConfiguration;
			buildSettings = {
				ASSETCATALOG_COMPILER_APPICON_NAME = AppIcon;
				ASSETCATALOG_COMPILER_GLOBAL_ACCENT_COLOR_NAME = AccentColor;
				CODE_SIGN_STYLE = Automatic;
				CURRENT_PROJECT_VERSION = 1;
				DEVELOPMENT_ASSET_PATHS = "\"TradingApp/Preview Content\"";
				DEVELOPMENT_TEAM = 585V5XVQ5N;
				ENABLE_PREVIEWS = YES;
				GENERATE_INFOPLIST_FILE = YES;
				INFOPLIST_KEY_UIApplicationSceneManifest_Generation = YES;
				INFOPLIST_KEY_UIApplicationSupportsIndirectInputEvents = YES;
				INFOPLIST_KEY_UILaunchScreen_Generation = YES;
				INFOPLIST_KEY_UIStatusBarStyle = UIStatusBarStyleDarkContent;
				INFOPLIST_KEY_UISupportedInterfaceOrientations_iPad = "UIInterfaceOrientationPortrait UIInterfaceOrientationPortraitUpsideDown UIInterfaceOrientationLandscapeLeft UIInterfaceOrientationLandscapeRight";
				INFOPLIST_KEY_UISupportedInterfaceOrientations_iPhone = "UIInterfaceOrientationPortrait UIInterfaceOrientationLandscapeLeft UIInterfaceOrientationLandscapeRight";
				LD_RUNPATH_SEARCH_PATHS = (
					"$(inherited)",
					"@executable_path/Frameworks",
				);
				MARKETING_VERSION = 1.0;
				PRODUCT_BUNDLE_IDENTIFIER = com.IlinykhSA.TradingApp;
				PRODUCT_NAME = "$(TARGET_NAME)";
				SWIFT_EMIT_LOC_STRINGS = YES;
				SWIFT_VERSION = 5.0;
				TARGETED_DEVICE_FAMILY = "1,2";
			};
			name = Release;
		};
/* End XCBuildConfiguration section */

/* Begin XCConfigurationList section */
		7DB600732AE0D57900C745AD /* Build configuration list for PBXProject "TradingApp" */ = {
			isa = XCConfigurationList;
			buildConfigurations = (
				7DB600842AE0D57A00C745AD /* Debug */,
				7DB600852AE0D57A00C745AD /* Release */,
			);
			defaultConfigurationIsVisible = 0;
			defaultConfigurationName = Release;
		};
		7DB600862AE0D57A00C745AD /* Build configuration list for PBXNativeTarget "TradingApp" */ = {
			isa = XCConfigurationList;
			buildConfigurations = (
				7DB600872AE0D57A00C745AD /* Debug */,
				7DB600882AE0D57A00C745AD /* Release */,
			);
			defaultConfigurationIsVisible = 0;
			defaultConfigurationName = Release;
		};
/* End XCConfigurationList section */
	};
	rootObject = 7DB600702AE0D57900C745AD /* Project object */;
}
